
Microsoft Visual Studio Solution File, Format Version 12.00
# Visual Studio Version 17
VisualStudioVersion = 17.5.33516.290
MinimumVisualStudioVersion = 10.0.40219.1
Project("{9A19103F-16F7-4668-BE54-9A1E7A4F7556}") = "CFKA.Health.Train.API", "CFKA.Health.Train.API\CFKA.Health.Train.API.csproj", "{8378A110-6845-462C-82C0-113FFA9BCD5F}"
EndProject
Project("{9A19103F-16F7-4668-BE54-9A1E7A4F7556}") = "CFKA.Health.Train.Domain", "CFKA.Health.Train.Domain\CFKA.Health.Train.Domain.csproj", "{F671E56E-74BB-4F1A-AD82-E26B090BC213}"
EndProject
Project("{FAE04EC0-301F-11D3-BF4B-00C04F79EFBC}") = "CFKA.Health.Train.Application", "CFKA.Health.Train.Application\CFKA.Health.Train.Application.csproj", "{2EA4761B-81DD-46C6-8648-AE0BBBB59D93}"
EndProject
Project("{FAE04EC0-301F-11D3-BF4B-00C04F79EFBC}") = "CFKA.Health.Train.Infrastructure", "CFKA.Health.Train.Infrasctructure\CFKA.Health.Train.Infrastructure.csproj", "{EAAA4877-BD4B-42BB-A27A-725AE5631C9C}"
EndProject
Project("{E53339B2-1760-4266-BCC7-CA923CBCF16C}") = "docker-compose", "docker-compose.dcproj", "{6AED4AD5-1E92-4EC7-A237-19095785BCAD}"
EndProject
Global
	GlobalSection(SolutionConfigurationPlatforms) = preSolution
		Debug|Any CPU = Debug|Any CPU
		Release|Any CPU = Release|Any CPU
	EndGlobalSection
	GlobalSection(ProjectConfigurationPlatforms) = postSolution
		{8378A110-6845-462C-82C0-113FFA9BCD5F}.Debug|Any CPU.ActiveCfg = Debug|Any CPU
		{8378A110-6845-462C-82C0-113FFA9BCD5F}.Debug|Any CPU.Build.0 = Debug|Any CPU
		{8378A110-6845-462C-82C0-113FFA9BCD5F}.Release|Any CPU.ActiveCfg = Release|Any CPU
		{8378A110-6845-462C-82C0-113FFA9BCD5F}.Release|Any CPU.Build.0 = Release|Any CPU
		{F671E56E-74BB-4F1A-AD82-E26B090BC213}.Debug|Any CPU.ActiveCfg = Debug|Any CPU
		{F671E56E-74BB-4F1A-AD82-E26B090BC213}.Debug|Any CPU.Build.0 = Debug|Any CPU
		{F671E56E-74BB-4F1A-AD82-E26B090BC213}.Release|Any CPU.ActiveCfg = Release|Any CPU
		{F671E56E-74BB-4F1A-AD82-E26B090BC213}.Release|Any CPU.Build.0 = Release|Any CPU
		{2EA4761B-81DD-46C6-8648-AE0BBBB59D93}.Debug|Any CPU.ActiveCfg = Debug|Any CPU
		{2EA4761B-81DD-46C6-8648-AE0BBBB59D93}.Debug|Any CPU.Build.0 = Debug|Any CPU
		{2EA4761B-81DD-46C6-8648-AE0BBBB59D93}.Release|Any CPU.ActiveCfg = Release|Any CPU
		{2EA4761B-81DD-46C6-8648-AE0BBBB59D93}.Release|Any CPU.Build.0 = Release|Any CPU
		{EAAA4877-BD4B-42BB-A27A-725AE5631C9C}.Debug|Any CPU.ActiveCfg = Debug|Any CPU
		{EAAA4877-BD4B-42BB-A27A-725AE5631C9C}.Debug|Any CPU.Build.0 = Debug|Any CPU
		{EAAA4877-BD4B-42BB-A27A-725AE5631C9C}.Release|Any CPU.ActiveCfg = Release|Any CPU
		{EAAA4877-BD4B-42BB-A27A-725AE5631C9C}.Release|Any CPU.Build.0 = Release|Any CPU
		{6AED4AD5-1E92-4EC7-A237-19095785BCAD}.Debug|Any CPU.ActiveCfg = Debug|Any CPU
		{6AED4AD5-1E92-4EC7-A237-19095785BCAD}.Debug|Any CPU.Build.0 = Debug|Any CPU
		{6AED4AD5-1E92-4EC7-A237-19095785BCAD}.Release|Any CPU.ActiveCfg = Release|Any CPU
		{6AED4AD5-1E92-4EC7-A237-19095785BCAD}.Release|Any CPU.Build.0 = Release|Any CPU
	EndGlobalSection
	GlobalSection(SolutionProperties) = preSolution
		HideSolutionNode = FALSE
	EndGlobalSection
	GlobalSection(ExtensibilityGlobals) = postSolution
		SolutionGuid = {842B8F8E-F66C-41A7-A1D5-5D91134AB0AF}
	EndGlobalSection
EndGlobal
